// !$*UTF8*$!
{
	archiveVersion = 1;
	classes = {
	};
	objectVersion = 46;
	objects = {

/* Begin PBXBuildFile section */
		B71F5911188484E7003F4D28 /* iPad-old.png in Resources */ = {isa = PBXBuildFile; fileRef = B71F5907188484E7003F4D28 /* iPad-old.png */; };
		B71F5912188484E7003F4D28 /* iPad-old@2x.png in Resources */ = {isa = PBXBuildFile; fileRef = B71F5908188484E7003F4D28 /* iPad-old@2x.png */; };
		B71F5913188484E7003F4D28 /* iPad.png in Resources */ = {isa = PBXBuildFile; fileRef = B71F5909188484E7003F4D28 /* iPad.png */; };
		B71F5914188484E7003F4D28 /* iPad@2x.png in Resources */ = {isa = PBXBuildFile; fileRef = B71F590A188484E7003F4D28 /* iPad@2x.png */; };
		B71F5915188484E7003F4D28 /* iPhone-old.png in Resources */ = {isa = PBXBuildFile; fileRef = B71F590B188484E7003F4D28 /* iPhone-old.png */; };
		B71F5916188484E7003F4D28 /* iPhone-old@2x.png in Resources */ = {isa = PBXBuildFile; fileRef = B71F590C188484E7003F4D28 /* iPhone-old@2x.png */; };
		B71F5917188484E7003F4D28 /* iPhone.png in Resources */ = {isa = PBXBuildFile; fileRef = B71F590D188484E7003F4D28 /* iPhone.png */; };
		B71F5918188484E7003F4D28 /* iPhone@2x.png in Resources */ = {isa = PBXBuildFile; fileRef = B71F590E188484E7003F4D28 /* iPhone@2x.png */; };
		B71F5919188484E7003F4D28 /* Settings.png in Resources */ = {isa = PBXBuildFile; fileRef = B71F590F188484E7003F4D28 /* Settings.png */; };
		B71F591A188484E7003F4D28 /* Settings@2x.png in Resources */ = {isa = PBXBuildFile; fileRef = B71F5910188484E7003F4D28 /* Settings@2x.png */; };
		B737893B180761570076A88C /* Published-iOS in Resources */ = {isa = PBXBuildFile; fileRef = B737893A180761570076A88C /* Published-iOS */; };
		B737893F1807617C0076A88C /* AppDelegate.m in Sources */ = {isa = PBXBuildFile; fileRef = B737893E1807617C0076A88C /* AppDelegate.m */; };
		B7378975180762440076A88C /* Default-568h@2x.png in Resources */ = {isa = PBXBuildFile; fileRef = B737896B180762440076A88C /* Default-568h@2x.png */; };
		B7378976180762440076A88C /* Default-Landscape~ipad.png in Resources */ = {isa = PBXBuildFile; fileRef = B737896C180762440076A88C /* Default-Landscape~ipad.png */; };
		B7378977180762440076A88C /* Default.png in Resources */ = {isa = PBXBuildFile; fileRef = B737896D180762440076A88C /* Default.png */; };
		B7378978180762440076A88C /* Default@2x.png in Resources */ = {isa = PBXBuildFile; fileRef = B737896E180762440076A88C /* Default@2x.png */; };
		B73789871807631A0076A88C /* main.m in Sources */ = {isa = PBXBuildFile; fileRef = B73789851807631A0076A88C /* main.m */; };
		B737898A1807642B0076A88C /* libcocos2d.a in Frameworks */ = {isa = PBXBuildFile; fileRef = B737894B180761A90076A88C /* libcocos2d.a */; };
		B7378994180767190076A88C /* MainScene.m in Sources */ = {isa = PBXBuildFile; fileRef = B7378993180767190076A88C /* MainScene.m */; };
		B77F1B3217B978D7009739AE /* QuartzCore.framework in Frameworks */ = {isa = PBXBuildFile; fileRef = B77F1B3117B978D7009739AE /* QuartzCore.framework */; };
		B77F1B3417B978D7009739AE /* OpenGLES.framework in Frameworks */ = {isa = PBXBuildFile; fileRef = B77F1B3317B978D7009739AE /* OpenGLES.framework */; };
		B77F1B3617B978D7009739AE /* OpenAL.framework in Frameworks */ = {isa = PBXBuildFile; fileRef = B77F1B3517B978D7009739AE /* OpenAL.framework */; };
		B77F1B3817B978D7009739AE /* AudioToolbox.framework in Frameworks */ = {isa = PBXBuildFile; fileRef = B77F1B3717B978D7009739AE /* AudioToolbox.framework */; };
		B77F1B3A17B978D7009739AE /* AVFoundation.framework in Frameworks */ = {isa = PBXBuildFile; fileRef = B77F1B3917B978D7009739AE /* AVFoundation.framework */; };
		B77F1B3C17B978D7009739AE /* UIKit.framework in Frameworks */ = {isa = PBXBuildFile; fileRef = B77F1B3B17B978D7009739AE /* UIKit.framework */; };
		B77F1B3E17B978D7009739AE /* Foundation.framework in Frameworks */ = {isa = PBXBuildFile; fileRef = B77F1B3D17B978D7009739AE /* Foundation.framework */; };
		B77F1B4017B978D7009739AE /* CoreGraphics.framework in Frameworks */ = {isa = PBXBuildFile; fileRef = B77F1B3F17B978D7009739AE /* CoreGraphics.framework */; };
		B77F1B4217B978D7009739AE /* CoreText.framework in Frameworks */ = {isa = PBXBuildFile; fileRef = B77F1B4117B978D7009739AE /* CoreText.framework */; };
		BE058A9D19619405005271F1 /* StoreKit.framework in Frameworks */ = {isa = PBXBuildFile; fileRef = BE058A9C19619405005271F1 /* StoreKit.framework */; settings = {ATTRIBUTES = (Weak, ); }; };
		BE058AA01961976D005271F1 /* ScoreScene.m in Sources */ = {isa = PBXBuildFile; fileRef = BE058A9F1961976D005271F1 /* ScoreScene.m */; };
		BE058ABE1961B18E005271F1 /* UMSocialLocalizable.strings in Resources */ = {isa = PBXBuildFile; fileRef = BE058AA41961B18E005271F1 /* UMSocialLocalizable.strings */; };
		BE058ABF1961B18E005271F1 /* libUMSocial_Sdk_3.3.8.a in Frameworks */ = {isa = PBXBuildFile; fileRef = BE058AB21961B18E005271F1 /* libUMSocial_Sdk_3.3.8.a */; };
		BE058AC01961B18E005271F1 /* UMSCommentDetailController.xib in Resources */ = {isa = PBXBuildFile; fileRef = BE058AB41961B18E005271F1 /* UMSCommentDetailController.xib */; };
		BE058AC11961B18E005271F1 /* UMSCommentInputController.xib in Resources */ = {isa = PBXBuildFile; fileRef = BE058AB51961B18E005271F1 /* UMSCommentInputController.xib */; };
		BE058AC21961B18E005271F1 /* UMSCommentInputControlleriPad.xib in Resources */ = {isa = PBXBuildFile; fileRef = BE058AB61961B18E005271F1 /* UMSCommentInputControlleriPad.xib */; };
		BE058AC31961B18E005271F1 /* UMShareEditViewController.xib in Resources */ = {isa = PBXBuildFile; fileRef = BE058AB71961B18E005271F1 /* UMShareEditViewController.xib */; };
		BE058AC41961B18E005271F1 /* UMShareEditViewControlleriPad.xib in Resources */ = {isa = PBXBuildFile; fileRef = BE058AB81961B18E005271F1 /* UMShareEditViewControlleriPad.xib */; };
		BE058AC51961B18E005271F1 /* UMSLoginViewController.xib in Resources */ = {isa = PBXBuildFile; fileRef = BE058AB91961B18E005271F1 /* UMSLoginViewController.xib */; };
		BE058AC61961B18E005271F1 /* UMSnsAccountViewController.xib in Resources */ = {isa = PBXBuildFile; fileRef = BE058ABA1961B18E005271F1 /* UMSnsAccountViewController.xib */; };
		BE058AC71961B18E005271F1 /* UMSShareListController.xib in Resources */ = {isa = PBXBuildFile; fileRef = BE058ABB1961B18E005271F1 /* UMSShareListController.xib */; };
		BE058AC81961B18E005271F1 /* UMSocialSDKResourcesNew.bundle in Resources */ = {isa = PBXBuildFile; fileRef = BE058ABC1961B18E005271F1 /* UMSocialSDKResourcesNew.bundle */; };
		BE058ACF1961B955005271F1 /* libSocialWechat.a in Frameworks */ = {isa = PBXBuildFile; fileRef = BE058ACA1961B955005271F1 /* libSocialWechat.a */; };
		BE058AD01961B955005271F1 /* libWeChatSDK.a in Frameworks */ = {isa = PBXBuildFile; fileRef = BE058ACB1961B955005271F1 /* libWeChatSDK.a */; };
		BE12CB47195861F2006F775D /* Becterial.m in Sources */ = {isa = PBXBuildFile; fileRef = BE12CB46195861F2006F775D /* Becterial.m */; };
		BE12CB4A19586256006F775D /* Images.xcassets in Resources */ = {isa = PBXBuildFile; fileRef = BE12CB4919586256006F775D /* Images.xcassets */; };
		BE1418AB196C2EF2009EA1D8 /* upgrade_message.png in Resources */ = {isa = PBXBuildFile; fileRef = BE1418AA196C2EF2009EA1D8 /* upgrade_message.png */; };
		BE1497F8196EC153001035D8 /* libOpenIDFA.a in Frameworks */ = {isa = PBXBuildFile; fileRef = BE1497F6196EC153001035D8 /* libOpenIDFA.a */; };
		BE1497F9196EC153001035D8 /* libYouMi.a in Frameworks */ = {isa = PBXBuildFile; fileRef = BE1497F7196EC153001035D8 /* libYouMi.a */; };
		BE1497FC196EE642001035D8 /* GameCenterManager.m in Sources */ = {isa = PBXBuildFile; fileRef = BE1497FB196EE642001035D8 /* GameCenterManager.m */; };
		BE1835A6195FE9DF00860689 /* Killer.m in Sources */ = {isa = PBXBuildFile; fileRef = BE1835A5195FE9DF00860689 /* Killer.m */; };
		BE3594D1196D859E00E36362 /* SystemConfiguration.framework in Frameworks */ = {isa = PBXBuildFile; fileRef = BE3594D0196D859E00E36362 /* SystemConfiguration.framework */; };
		BE3594D4196D873900E36362 /* CFNetwork.framework in Frameworks */ = {isa = PBXBuildFile; fileRef = BE3594D3196D873900E36362 /* CFNetwork.framework */; };
		BE3594DA196D87F100E36362 /* Reachability.m in Sources */ = {isa = PBXBuildFile; fileRef = BE3594D9196D87F100E36362 /* Reachability.m */; };
		BE3594DC196D8B4700E36362 /* GameKit.framework in Frameworks */ = {isa = PBXBuildFile; fileRef = BE3594DB196D8B4700E36362 /* GameKit.framework */; settings = {ATTRIBUTES = (Weak, ); }; };
		BE3610B1196ADF6E0085BAF2 /* MediaPlayer.framework in Frameworks */ = {isa = PBXBuildFile; fileRef = BE3610B0196ADF6E0085BAF2 /* MediaPlayer.framework */; };
		BE3610B8196AE0400085BAF2 /* ios-social-sdk-shake.html in Resources */ = {isa = PBXBuildFile; fileRef = BE3610B5196AE0400085BAF2 /* ios-social-sdk-shake.html */; };
		BE3610B9196AE0400085BAF2 /* libUMSocial_Sdk_ScreenShot_1.0.a in Frameworks */ = {isa = PBXBuildFile; fileRef = BE3610B6196AE0400085BAF2 /* libUMSocial_Sdk_ScreenShot_1.0.a */; };
		BE3610BB196AF03D0085BAF2 /* products.plist in Resources */ = {isa = PBXBuildFile; fileRef = BE3610BA196AF03D0085BAF2 /* products.plist */; };
		BE5868C0196449A50007AF48 /* PZWebManager.m in Sources */ = {isa = PBXBuildFile; fileRef = BE5868BF196449A50007AF48 /* PZWebManager.m */; };
		BE58F2D21966F321009274E4 /* DataStorageManager.m in Sources */ = {isa = PBXBuildFile; fileRef = BE58F2D11966F321009274E4 /* DataStorageManager.m */; };
		BE63466819683636007E375F /* success.png in Resources */ = {isa = PBXBuildFile; fileRef = BE63466719683636007E375F /* success.png */; };
		BE8751C2195DD999001D86B1 /* PZLabelScore.m in Sources */ = {isa = PBXBuildFile; fileRef = BE8751C1195DD999001D86B1 /* PZLabelScore.m */; };
		BE89CDF91962EE2200994D13 /* libMobClickGameLibrary.a in Frameworks */ = {isa = PBXBuildFile; fileRef = BE89CDF61962EE2200994D13 /* libMobClickGameLibrary.a */; };
		BE89CDFB1962EEFE00994D13 /* CashStoreView.xib in Resources */ = {isa = PBXBuildFile; fileRef = BE89CDFA1962EEFE00994D13 /* CashStoreView.xib */; };
		BE89CE001962F0A800994D13 /* store.png in Resources */ = {isa = PBXBuildFile; fileRef = BE89CDFF1962F0A800994D13 /* store.png */; };
		BE89CE021962F17C00994D13 /* btnClose.png in Resources */ = {isa = PBXBuildFile; fileRef = BE89CE011962F17C00994D13 /* btnClose.png */; };
		BE89CE081962FF6F00994D13 /* CashStoreView.m in Sources */ = {isa = PBXBuildFile; fileRef = BE89CE071962FF6F00994D13 /* CashStoreView.m */; };
		BE89CE0B1963007C00994D13 /* CashStoreViewController.m in Sources */ = {isa = PBXBuildFile; fileRef = BE89CE0A1963007C00994D13 /* CashStoreViewController.m */; };
		BE89CE1819630AF500994D13 /* CashStoreItemView.xib in Resources */ = {isa = PBXBuildFile; fileRef = BE89CE1619630AF500994D13 /* CashStoreItemView.xib */; };
		BE89CE1D19630B9E00994D13 /* store_btn_buy.png in Resources */ = {isa = PBXBuildFile; fileRef = BE89CE1A19630B9E00994D13 /* store_btn_buy.png */; };
		BE89CE1E19630B9E00994D13 /* store_img_icon_1.png in Resources */ = {isa = PBXBuildFile; fileRef = BE89CE1B19630B9E00994D13 /* store_img_icon_1.png */; };
		BE89CE1F19630B9E00994D13 /* store_img_icon_bg.png in Resources */ = {isa = PBXBuildFile; fileRef = BE89CE1C19630B9E00994D13 /* store_img_icon_bg.png */; };
		BE89CE2219630DDE00994D13 /* CashStoreItemView.m in Sources */ = {isa = PBXBuildFile; fileRef = BE89CE2119630DDE00994D13 /* CashStoreItemView.m */; };
		BE92BE6A195F29A4006C17AB /* GLKit.framework in Frameworks */ = {isa = PBXBuildFile; fileRef = BE92BE69195F29A4006C17AB /* GLKit.framework */; };
		BEB8FAB11970368800755936 /* UpgradeView.xib in Resources */ = {isa = PBXBuildFile; fileRef = BEB8FAB01970368800755936 /* UpgradeView.xib */; };
		BEB8FAB51970393800755936 /* upgrade-hd.png in Resources */ = {isa = PBXBuildFile; fileRef = BEB8FAB41970393800755936 /* upgrade-hd.png */; };
		BEB8FAB71970394400755936 /* store-hd.png in Resources */ = {isa = PBXBuildFile; fileRef = BEB8FAB61970394400755936 /* store-hd.png */; };
		BEB8FAB919703AFD00755936 /* CashStoreR4View.xib in Resources */ = {isa = PBXBuildFile; fileRef = BEB8FAB819703AFD00755936 /* CashStoreR4View.xib */; };
		BEBB31E119690FF200ECE458 /* UpgradeViewController.m in Sources */ = {isa = PBXBuildFile; fileRef = BEBB31DF19690FF200ECE458 /* UpgradeViewController.m */; };
		BEBB31E219690FF200ECE458 /* UpgradeR4View.xib in Resources */ = {isa = PBXBuildFile; fileRef = BEBB31E019690FF200ECE458 /* UpgradeR4View.xib */; };
		BEBB31F01969114D00ECE458 /* upgrade_level0.png in Resources */ = {isa = PBXBuildFile; fileRef = BEBB31E31969114D00ECE458 /* upgrade_level0.png */; };
		BEBB31F11969114D00ECE458 /* upgrade_level1.png in Resources */ = {isa = PBXBuildFile; fileRef = BEBB31E41969114D00ECE458 /* upgrade_level1.png */; };
		BEBB31F21969114D00ECE458 /* upgrade_level2.png in Resources */ = {isa = PBXBuildFile; fileRef = BEBB31E51969114D00ECE458 /* upgrade_level2.png */; };
		BEBB31F31969114D00ECE458 /* upgrade_level3.png in Resources */ = {isa = PBXBuildFile; fileRef = BEBB31E61969114D00ECE458 /* upgrade_level3.png */; };
		BEBB31F41969114D00ECE458 /* upgrade_level4.png in Resources */ = {isa = PBXBuildFile; fileRef = BEBB31E71969114D00ECE458 /* upgrade_level4.png */; };
		BEBB31F51969114D00ECE458 /* upgrade_level5.png in Resources */ = {isa = PBXBuildFile; fileRef = BEBB31E81969114D00ECE458 /* upgrade_level5.png */; };
		BEBB31F61969114D00ECE458 /* upgrade_status0.png in Resources */ = {isa = PBXBuildFile; fileRef = BEBB31E91969114D00ECE458 /* upgrade_status0.png */; };
		BEBB31F71969114D00ECE458 /* upgrade_status1.png in Resources */ = {isa = PBXBuildFile; fileRef = BEBB31EA1969114D00ECE458 /* upgrade_status1.png */; };
		BEBB31F81969114D00ECE458 /* upgrade_status2.png in Resources */ = {isa = PBXBuildFile; fileRef = BEBB31EB1969114D00ECE458 /* upgrade_status2.png */; };
		BEBB31F91969114D00ECE458 /* upgrade_status3.png in Resources */ = {isa = PBXBuildFile; fileRef = BEBB31EC1969114D00ECE458 /* upgrade_status3.png */; };
		BEBB31FA1969114D00ECE458 /* upgrade_status4.png in Resources */ = {isa = PBXBuildFile; fileRef = BEBB31ED1969114D00ECE458 /* upgrade_status4.png */; };
		BEBB31FB1969114D00ECE458 /* upgrade_status5.png in Resources */ = {isa = PBXBuildFile; fileRef = BEBB31EE1969114D00ECE458 /* upgrade_status5.png */; };
		BEBB31FC1969114D00ECE458 /* upgrade.png in Resources */ = {isa = PBXBuildFile; fileRef = BEBB31EF1969114D00ECE458 /* upgrade.png */; };
		BEBB31FF1969151100ECE458 /* UpgradeView.m in Sources */ = {isa = PBXBuildFile; fileRef = BEBB31FE1969151100ECE458 /* UpgradeView.m */; };
		BEBB32011969157700ECE458 /* UpgradeItemView.xib in Resources */ = {isa = PBXBuildFile; fileRef = BEBB32001969157700ECE458 /* UpgradeItemView.xib */; };
		BEBB320419691A8700ECE458 /* UpgradeItemView.m in Sources */ = {isa = PBXBuildFile; fileRef = BEBB320319691A8700ECE458 /* UpgradeItemView.m */; };
		BEBB320619691CAC00ECE458 /* upgrade_const.plist in Resources */ = {isa = PBXBuildFile; fileRef = BEBB320519691CAC00ECE458 /* upgrade_const.plist */; };
		BEFB261F19658DC900993C74 /* CashStoreManager.m in Sources */ = {isa = PBXBuildFile; fileRef = BEFB261D19658DC900993C74 /* CashStoreManager.m */; };
		BEFB26231965AB9F00993C74 /* CashStorePaymentObserver.m in Sources */ = {isa = PBXBuildFile; fileRef = BEFB26221965AB9F00993C74 /* CashStorePaymentObserver.m */; };
/* End PBXBuildFile section */

/* Begin PBXContainerItemProxy section */
		B737894A180761A90076A88C /* PBXContainerItemProxy */ = {
			isa = PBXContainerItemProxy;
			containerPortal = B7378940180761A80076A88C /* cocos2d-ios.xcodeproj */;
			proxyType = 2;
			remoteGlobalIDString = 5018F24D0DFDEAC400C013A5;
			remoteInfo = cocos2d;
		};
		B7378988180764180076A88C /* PBXContainerItemProxy */ = {
			isa = PBXContainerItemProxy;
			containerPortal = B7378940180761A80076A88C /* cocos2d-ios.xcodeproj */;
			proxyType = 1;
			remoteGlobalIDString = 5018F24C0DFDEAC400C013A5;
			remoteInfo = cocos2d;
		};
/* End PBXContainerItemProxy section */

/* Begin PBXFileReference section */
		B71F5907188484E7003F4D28 /* iPad-old.png */ = {isa = PBXFileReference; lastKnownFileType = image.png; name = "iPad-old.png"; path = "Icons/iPad-old.png"; sourceTree = "<group>"; };
		B71F5908188484E7003F4D28 /* iPad-old@2x.png */ = {isa = PBXFileReference; lastKnownFileType = image.png; name = "iPad-old@2x.png"; path = "Icons/iPad-old@2x.png"; sourceTree = "<group>"; };
		B71F5909188484E7003F4D28 /* iPad.png */ = {isa = PBXFileReference; lastKnownFileType = image.png; name = iPad.png; path = Icons/iPad.png; sourceTree = "<group>"; };
		B71F590A188484E7003F4D28 /* iPad@2x.png */ = {isa = PBXFileReference; lastKnownFileType = image.png; name = "iPad@2x.png"; path = "Icons/iPad@2x.png"; sourceTree = "<group>"; };
		B71F590B188484E7003F4D28 /* iPhone-old.png */ = {isa = PBXFileReference; lastKnownFileType = image.png; name = "iPhone-old.png"; path = "Icons/iPhone-old.png"; sourceTree = "<group>"; };
		B71F590C188484E7003F4D28 /* iPhone-old@2x.png */ = {isa = PBXFileReference; lastKnownFileType = image.png; name = "iPhone-old@2x.png"; path = "Icons/iPhone-old@2x.png"; sourceTree = "<group>"; };
		B71F590D188484E7003F4D28 /* iPhone.png */ = {isa = PBXFileReference; lastKnownFileType = image.png; name = iPhone.png; path = Icons/iPhone.png; sourceTree = "<group>"; };
		B71F590E188484E7003F4D28 /* iPhone@2x.png */ = {isa = PBXFileReference; lastKnownFileType = image.png; name = "iPhone@2x.png"; path = "Icons/iPhone@2x.png"; sourceTree = "<group>"; };
		B71F590F188484E7003F4D28 /* Settings.png */ = {isa = PBXFileReference; lastKnownFileType = image.png; name = Settings.png; path = Icons/Settings.png; sourceTree = "<group>"; };
		B71F5910188484E7003F4D28 /* Settings@2x.png */ = {isa = PBXFileReference; lastKnownFileType = image.png; name = "Settings@2x.png"; path = "Icons/Settings@2x.png"; sourceTree = "<group>"; };
		B737893A180761570076A88C /* Published-iOS */ = {isa = PBXFileReference; lastKnownFileType = folder; name = "Published-iOS"; path = "Source/Resources/Published-iOS"; sourceTree = SOURCE_ROOT; };
		B737893D1807617C0076A88C /* AppDelegate.h */ = {isa = PBXFileReference; fileEncoding = 4; lastKnownFileType = sourcecode.c.h; name = AppDelegate.h; path = Source/AppDelegate.h; sourceTree = "<group>"; };
		B737893E1807617C0076A88C /* AppDelegate.m */ = {isa = PBXFileReference; fileEncoding = 4; lastKnownFileType = sourcecode.c.objc; name = AppDelegate.m; path = Source/AppDelegate.m; sourceTree = "<group>"; };
		B7378940180761A80076A88C /* cocos2d-ios.xcodeproj */ = {isa = PBXFileReference; lastKnownFileType = "wrapper.pb-project"; name = "cocos2d-ios.xcodeproj"; path = "Source/libs/cocos2d-iphone/cocos2d-ios.xcodeproj"; sourceTree = SOURCE_ROOT; };
		B737896B180762440076A88C /* Default-568h@2x.png */ = {isa = PBXFileReference; lastKnownFileType = image.png; name = "Default-568h@2x.png"; path = "Source/Resources/Default-568h@2x.png"; sourceTree = SOURCE_ROOT; };
		B737896C180762440076A88C /* Default-Landscape~ipad.png */ = {isa = PBXFileReference; lastKnownFileType = image.png; name = "Default-Landscape~ipad.png"; path = "Source/Resources/Default-Landscape~ipad.png"; sourceTree = SOURCE_ROOT; };
		B737896D180762440076A88C /* Default.png */ = {isa = PBXFileReference; lastKnownFileType = image.png; name = Default.png; path = Source/Resources/Default.png; sourceTree = SOURCE_ROOT; };
		B737896E180762440076A88C /* Default@2x.png */ = {isa = PBXFileReference; lastKnownFileType = image.png; name = "Default@2x.png"; path = "Source/Resources/Default@2x.png"; sourceTree = SOURCE_ROOT; };
		B73789851807631A0076A88C /* main.m */ = {isa = PBXFileReference; fileEncoding = 4; lastKnownFileType = sourcecode.c.objc; name = main.m; path = Source/main.m; sourceTree = SOURCE_ROOT; };
		B73789861807631A0076A88C /* Prefix.pch */ = {isa = PBXFileReference; fileEncoding = 4; lastKnownFileType = sourcecode.c.h; name = Prefix.pch; path = Source/Prefix.pch; sourceTree = SOURCE_ROOT; };
		B7378992180767190076A88C /* MainScene.h */ = {isa = PBXFileReference; fileEncoding = 4; lastKnownFileType = sourcecode.c.h; name = MainScene.h; path = Source/MainScene.h; sourceTree = "<group>"; };
		B7378993180767190076A88C /* MainScene.m */ = {isa = PBXFileReference; fileEncoding = 4; lastKnownFileType = sourcecode.c.objc; name = MainScene.m; path = Source/MainScene.m; sourceTree = "<group>"; };
		B77F1B2E17B978D7009739AE /* bacterial.app */ = {isa = PBXFileReference; explicitFileType = wrapper.application; includeInIndex = 0; path = bacterial.app; sourceTree = BUILT_PRODUCTS_DIR; };
		B77F1B3117B978D7009739AE /* QuartzCore.framework */ = {isa = PBXFileReference; lastKnownFileType = wrapper.framework; name = QuartzCore.framework; path = System/Library/Frameworks/QuartzCore.framework; sourceTree = SDKROOT; };
		B77F1B3317B978D7009739AE /* OpenGLES.framework */ = {isa = PBXFileReference; lastKnownFileType = wrapper.framework; name = OpenGLES.framework; path = System/Library/Frameworks/OpenGLES.framework; sourceTree = SDKROOT; };
		B77F1B3517B978D7009739AE /* OpenAL.framework */ = {isa = PBXFileReference; lastKnownFileType = wrapper.framework; name = OpenAL.framework; path = System/Library/Frameworks/OpenAL.framework; sourceTree = SDKROOT; };
		B77F1B3717B978D7009739AE /* AudioToolbox.framework */ = {isa = PBXFileReference; lastKnownFileType = wrapper.framework; name = AudioToolbox.framework; path = System/Library/Frameworks/AudioToolbox.framework; sourceTree = SDKROOT; };
		B77F1B3917B978D7009739AE /* AVFoundation.framework */ = {isa = PBXFileReference; lastKnownFileType = wrapper.framework; name = AVFoundation.framework; path = System/Library/Frameworks/AVFoundation.framework; sourceTree = SDKROOT; };
		B77F1B3B17B978D7009739AE /* UIKit.framework */ = {isa = PBXFileReference; lastKnownFileType = wrapper.framework; name = UIKit.framework; path = System/Library/Frameworks/UIKit.framework; sourceTree = SDKROOT; };
		B77F1B3D17B978D7009739AE /* Foundation.framework */ = {isa = PBXFileReference; lastKnownFileType = wrapper.framework; name = Foundation.framework; path = System/Library/Frameworks/Foundation.framework; sourceTree = SDKROOT; };
		B77F1B3F17B978D7009739AE /* CoreGraphics.framework */ = {isa = PBXFileReference; lastKnownFileType = wrapper.framework; name = CoreGraphics.framework; path = System/Library/Frameworks/CoreGraphics.framework; sourceTree = SDKROOT; };
		B77F1B4117B978D7009739AE /* CoreText.framework */ = {isa = PBXFileReference; lastKnownFileType = wrapper.framework; name = CoreText.framework; path = System/Library/Frameworks/CoreText.framework; sourceTree = SDKROOT; };
		B7B3713D180358F1007369CC /* libObjectiveChipmunk.a */ = {isa = PBXFileReference; lastKnownFileType = archive.ar; name = libObjectiveChipmunk.a; path = "../libs/cocos2d-iphone/external/Chipmunk/xcode/build/Debug-iphoneos/libObjectiveChipmunk.a"; sourceTree = "<group>"; };
		BE058A9C19619405005271F1 /* StoreKit.framework */ = {isa = PBXFileReference; lastKnownFileType = wrapper.framework; name = StoreKit.framework; path = System/Library/Frameworks/StoreKit.framework; sourceTree = SDKROOT; };
		BE058A9E1961976D005271F1 /* ScoreScene.h */ = {isa = PBXFileReference; fileEncoding = 4; lastKnownFileType = sourcecode.c.h; name = ScoreScene.h; path = Source/ScoreScene.h; sourceTree = "<group>"; };
		BE058A9F1961976D005271F1 /* ScoreScene.m */ = {isa = PBXFileReference; fileEncoding = 4; lastKnownFileType = sourcecode.c.objc; name = ScoreScene.m; path = Source/ScoreScene.m; sourceTree = "<group>"; };
		BE058AA51961B18E005271F1 /* en */ = {isa = PBXFileReference; lastKnownFileType = text.plist.strings; name = en; path = en.lproj/UMSocialLocalizable.strings; sourceTree = "<group>"; };
		BE058AA71961B18E005271F1 /* UMSocial.h */ = {isa = PBXFileReference; fileEncoding = 4; lastKnownFileType = sourcecode.c.h; path = UMSocial.h; sourceTree = "<group>"; };
		BE058AA81961B18E005271F1 /* UMSocialAccountManager.h */ = {isa = PBXFileReference; fileEncoding = 4; lastKnownFileType = sourcecode.c.h; path = UMSocialAccountManager.h; sourceTree = "<group>"; };
		BE058AA91961B18E005271F1 /* UMSocialBar.h */ = {isa = PBXFileReference; fileEncoding = 4; lastKnownFileType = sourcecode.c.h; path = UMSocialBar.h; sourceTree = "<group>"; };
		BE058AAA1961B18E005271F1 /* UMSocialConfig.h */ = {isa = PBXFileReference; fileEncoding = 4; lastKnownFileType = sourcecode.c.h; path = UMSocialConfig.h; sourceTree = "<group>"; };
		BE058AAB1961B18E005271F1 /* UMSocialControllerService.h */ = {isa = PBXFileReference; fileEncoding = 4; lastKnownFileType = sourcecode.c.h; path = UMSocialControllerService.h; sourceTree = "<group>"; };
		BE058AAC1961B18E005271F1 /* UMSocialControllerServiceComment.h */ = {isa = PBXFileReference; fileEncoding = 4; lastKnownFileType = sourcecode.c.h; path = UMSocialControllerServiceComment.h; sourceTree = "<group>"; };
		BE058AAD1961B18E005271F1 /* UMSocialData.h */ = {isa = PBXFileReference; fileEncoding = 4; lastKnownFileType = sourcecode.c.h; path = UMSocialData.h; sourceTree = "<group>"; };
		BE058AAE1961B18E005271F1 /* UMSocialDataService.h */ = {isa = PBXFileReference; fileEncoding = 4; lastKnownFileType = sourcecode.c.h; path = UMSocialDataService.h; sourceTree = "<group>"; };
		BE058AAF1961B18E005271F1 /* UMSocialSnsData.h */ = {isa = PBXFileReference; fileEncoding = 4; lastKnownFileType = sourcecode.c.h; path = UMSocialSnsData.h; sourceTree = "<group>"; };
		BE058AB01961B18E005271F1 /* UMSocialSnsPlatformManager.h */ = {isa = PBXFileReference; fileEncoding = 4; lastKnownFileType = sourcecode.c.h; path = UMSocialSnsPlatformManager.h; sourceTree = "<group>"; };
		BE058AB11961B18E005271F1 /* UMSocialSnsService.h */ = {isa = PBXFileReference; fileEncoding = 4; lastKnownFileType = sourcecode.c.h; path = UMSocialSnsService.h; sourceTree = "<group>"; };
		BE058AB21961B18E005271F1 /* libUMSocial_Sdk_3.3.8.a */ = {isa = PBXFileReference; lastKnownFileType = archive.ar; path = libUMSocial_Sdk_3.3.8.a; sourceTree = "<group>"; };
		BE058AB41961B18E005271F1 /* UMSCommentDetailController.xib */ = {isa = PBXFileReference; fileEncoding = 4; lastKnownFileType = file.xib; path = UMSCommentDetailController.xib; sourceTree = "<group>"; };
		BE058AB51961B18E005271F1 /* UMSCommentInputController.xib */ = {isa = PBXFileReference; fileEncoding = 4; lastKnownFileType = file.xib; path = UMSCommentInputController.xib; sourceTree = "<group>"; };
		BE058AB61961B18E005271F1 /* UMSCommentInputControlleriPad.xib */ = {isa = PBXFileReference; fileEncoding = 4; lastKnownFileType = file.xib; path = UMSCommentInputControlleriPad.xib; sourceTree = "<group>"; };
		BE058AB71961B18E005271F1 /* UMShareEditViewController.xib */ = {isa = PBXFileReference; fileEncoding = 4; lastKnownFileType = file.xib; path = UMShareEditViewController.xib; sourceTree = "<group>"; };
		BE058AB81961B18E005271F1 /* UMShareEditViewControlleriPad.xib */ = {isa = PBXFileReference; fileEncoding = 4; lastKnownFileType = file.xib; path = UMShareEditViewControlleriPad.xib; sourceTree = "<group>"; };
		BE058AB91961B18E005271F1 /* UMSLoginViewController.xib */ = {isa = PBXFileReference; fileEncoding = 4; lastKnownFileType = file.xib; path = UMSLoginViewController.xib; sourceTree = "<group>"; };
		BE058ABA1961B18E005271F1 /* UMSnsAccountViewController.xib */ = {isa = PBXFileReference; fileEncoding = 4; lastKnownFileType = file.xib; path = UMSnsAccountViewController.xib; sourceTree = "<group>"; };
		BE058ABB1961B18E005271F1 /* UMSShareListController.xib */ = {isa = PBXFileReference; fileEncoding = 4; lastKnownFileType = file.xib; path = UMSShareListController.xib; sourceTree = "<group>"; };
		BE058ABC1961B18E005271F1 /* UMSocialSDKResourcesNew.bundle */ = {isa = PBXFileReference; lastKnownFileType = "wrapper.plug-in"; path = UMSocialSDKResourcesNew.bundle; sourceTree = "<group>"; };
		BE058ABD1961B18E005271F1 /* zh-Hans */ = {isa = PBXFileReference; lastKnownFileType = text.plist.strings; name = "zh-Hans"; path = "zh-Hans.lproj/UMSocialLocalizable.strings"; sourceTree = "<group>"; };
		BE058ACA1961B955005271F1 /* libSocialWechat.a */ = {isa = PBXFileReference; lastKnownFileType = archive.ar; path = libSocialWechat.a; sourceTree = "<group>"; };
		BE058ACB1961B955005271F1 /* libWeChatSDK.a */ = {isa = PBXFileReference; lastKnownFileType = archive.ar; path = libWeChatSDK.a; sourceTree = "<group>"; };
		BE058ACC1961B955005271F1 /* UMSocialWechatHandler.h */ = {isa = PBXFileReference; fileEncoding = 4; lastKnownFileType = sourcecode.c.h; path = UMSocialWechatHandler.h; sourceTree = "<group>"; };
		BE058ACD1961B955005271F1 /* WXApi.h */ = {isa = PBXFileReference; fileEncoding = 4; lastKnownFileType = sourcecode.c.h; path = WXApi.h; sourceTree = "<group>"; };
		BE058ACE1961B955005271F1 /* WXApiObject.h */ = {isa = PBXFileReference; fileEncoding = 4; lastKnownFileType = sourcecode.c.h; path = WXApiObject.h; sourceTree = "<group>"; };
		BE12CB45195861F2006F775D /* Becterial.h */ = {isa = PBXFileReference; fileEncoding = 4; lastKnownFileType = sourcecode.c.h; name = Becterial.h; path = Source/Becterial.h; sourceTree = "<group>"; };
		BE12CB46195861F2006F775D /* Becterial.m */ = {isa = PBXFileReference; fileEncoding = 4; lastKnownFileType = sourcecode.c.objc; name = Becterial.m; path = Source/Becterial.m; sourceTree = "<group>"; };
		BE12CB4919586256006F775D /* Images.xcassets */ = {isa = PBXFileReference; lastKnownFileType = folder.assetcatalog; name = Images.xcassets; path = becterial/Images.xcassets; sourceTree = SOURCE_ROOT; };
		BE1418AA196C2EF2009EA1D8 /* upgrade_message.png */ = {isa = PBXFileReference; lastKnownFileType = image.png; name = upgrade_message.png; path = Source/upgrade_message.png; sourceTree = "<group>"; };
		BE1497ED196EC153001035D8 /* YouMiConfig.h */ = {isa = PBXFileReference; fileEncoding = 4; lastKnownFileType = sourcecode.c.h; path = YouMiConfig.h; sourceTree = "<group>"; };
		BE1497EE196EC153001035D8 /* YouMiDelegateProtocol.h */ = {isa = PBXFileReference; fileEncoding = 4; lastKnownFileType = sourcecode.c.h; path = YouMiDelegateProtocol.h; sourceTree = "<group>"; };
		BE1497EF196EC153001035D8 /* YouMiPointsManager.h */ = {isa = PBXFileReference; fileEncoding = 4; lastKnownFileType = sourcecode.c.h; path = YouMiPointsManager.h; sourceTree = "<group>"; };
		BE1497F0196EC153001035D8 /* YouMiSpots.h */ = {isa = PBXFileReference; fileEncoding = 4; lastKnownFileType = sourcecode.c.h; path = YouMiSpots.h; sourceTree = "<group>"; };
		BE1497F1196EC153001035D8 /* YouMiView.h */ = {isa = PBXFileReference; fileEncoding = 4; lastKnownFileType = sourcecode.c.h; path = YouMiView.h; sourceTree = "<group>"; };
		BE1497F2196EC153001035D8 /* YouMiWall.h */ = {isa = PBXFileReference; fileEncoding = 4; lastKnownFileType = sourcecode.c.h; path = YouMiWall.h; sourceTree = "<group>"; };
		BE1497F3196EC153001035D8 /* YouMiWallAppModel.h */ = {isa = PBXFileReference; fileEncoding = 4; lastKnownFileType = sourcecode.c.h; path = YouMiWallAppModel.h; sourceTree = "<group>"; };
		BE1497F4196EC153001035D8 /* YouMiWallSpot.h */ = {isa = PBXFileReference; fileEncoding = 4; lastKnownFileType = sourcecode.c.h; path = YouMiWallSpot.h; sourceTree = "<group>"; };
		BE1497F5196EC153001035D8 /* YouMiWallSpotView.h */ = {isa = PBXFileReference; fileEncoding = 4; lastKnownFileType = sourcecode.c.h; path = YouMiWallSpotView.h; sourceTree = "<group>"; };
		BE1497F6196EC153001035D8 /* libOpenIDFA.a */ = {isa = PBXFileReference; lastKnownFileType = archive.ar; path = libOpenIDFA.a; sourceTree = "<group>"; };
		BE1497F7196EC153001035D8 /* libYouMi.a */ = {isa = PBXFileReference; lastKnownFileType = archive.ar; path = libYouMi.a; sourceTree = "<group>"; };
		BE1497FA196EE642001035D8 /* GameCenterManager.h */ = {isa = PBXFileReference; fileEncoding = 4; lastKnownFileType = sourcecode.c.h; name = GameCenterManager.h; path = Source/GameCenterManager.h; sourceTree = "<group>"; };
		BE1497FB196EE642001035D8 /* GameCenterManager.m */ = {isa = PBXFileReference; fileEncoding = 4; lastKnownFileType = sourcecode.c.objc; name = GameCenterManager.m; path = Source/GameCenterManager.m; sourceTree = "<group>"; };
		BE1835A4195FE9DF00860689 /* Killer.h */ = {isa = PBXFileReference; fileEncoding = 4; lastKnownFileType = sourcecode.c.h; name = Killer.h; path = Source/Killer.h; sourceTree = "<group>"; };
		BE1835A5195FE9DF00860689 /* Killer.m */ = {isa = PBXFileReference; fileEncoding = 4; lastKnownFileType = sourcecode.c.objc; name = Killer.m; path = Source/Killer.m; sourceTree = "<group>"; };
		BE3594D0196D859E00E36362 /* SystemConfiguration.framework */ = {isa = PBXFileReference; lastKnownFileType = wrapper.framework; name = SystemConfiguration.framework; path = System/Library/Frameworks/SystemConfiguration.framework; sourceTree = SDKROOT; };
		BE3594D3196D873900E36362 /* CFNetwork.framework */ = {isa = PBXFileReference; lastKnownFileType = wrapper.framework; name = CFNetwork.framework; path = System/Library/Frameworks/CFNetwork.framework; sourceTree = SDKROOT; };
		BE3594D8196D87F100E36362 /* Reachability.h */ = {isa = PBXFileReference; fileEncoding = 4; lastKnownFileType = sourcecode.c.h; name = Reachability.h; path = Source/Reachability.h; sourceTree = "<group>"; };
		BE3594D9196D87F100E36362 /* Reachability.m */ = {isa = PBXFileReference; fileEncoding = 4; lastKnownFileType = sourcecode.c.objc; name = Reachability.m; path = Source/Reachability.m; sourceTree = "<group>"; };
		BE3594DB196D8B4700E36362 /* GameKit.framework */ = {isa = PBXFileReference; lastKnownFileType = wrapper.framework; name = GameKit.framework; path = System/Library/Frameworks/GameKit.framework; sourceTree = SDKROOT; };
		BE3610B0196ADF6E0085BAF2 /* MediaPlayer.framework */ = {isa = PBXFileReference; lastKnownFileType = wrapper.framework; name = MediaPlayer.framework; path = System/Library/Frameworks/MediaPlayer.framework; sourceTree = SDKROOT; };
		BE3610B5196AE0400085BAF2 /* ios-social-sdk-shake.html */ = {isa = PBXFileReference; fileEncoding = 4; lastKnownFileType = text.html; path = "ios-social-sdk-shake.html"; sourceTree = "<group>"; };
		BE3610B6196AE0400085BAF2 /* libUMSocial_Sdk_ScreenShot_1.0.a */ = {isa = PBXFileReference; lastKnownFileType = archive.ar; path = libUMSocial_Sdk_ScreenShot_1.0.a; sourceTree = "<group>"; };
		BE3610B7196AE0400085BAF2 /* UMSocialScreenShoter.h */ = {isa = PBXFileReference; fileEncoding = 4; lastKnownFileType = sourcecode.c.h; path = UMSocialScreenShoter.h; sourceTree = "<group>"; };
		BE3610BA196AF03D0085BAF2 /* products.plist */ = {isa = PBXFileReference; fileEncoding = 4; lastKnownFileType = text.plist.xml; name = products.plist; path = Source/products.plist; sourceTree = "<group>"; };
		BE5868BE196449A50007AF48 /* PZWebManager.h */ = {isa = PBXFileReference; fileEncoding = 4; lastKnownFileType = sourcecode.c.h; name = PZWebManager.h; path = Source/PZWebManager.h; sourceTree = "<group>"; };
		BE5868BF196449A50007AF48 /* PZWebManager.m */ = {isa = PBXFileReference; fileEncoding = 4; lastKnownFileType = sourcecode.c.objc; name = PZWebManager.m; path = Source/PZWebManager.m; sourceTree = "<group>"; };
		BE58F2D01966F321009274E4 /* DataStorageManager.h */ = {isa = PBXFileReference; fileEncoding = 4; lastKnownFileType = sourcecode.c.h; name = DataStorageManager.h; path = Source/DataStorageManager.h; sourceTree = "<group>"; };
		BE58F2D11966F321009274E4 /* DataStorageManager.m */ = {isa = PBXFileReference; fileEncoding = 4; lastKnownFileType = sourcecode.c.objc; name = DataStorageManager.m; path = Source/DataStorageManager.m; sourceTree = "<group>"; };
		BE63466719683636007E375F /* success.png */ = {isa = PBXFileReference; lastKnownFileType = image.png; name = success.png; path = Source/success.png; sourceTree = "<group>"; };
		BE8751C0195DD999001D86B1 /* PZLabelScore.h */ = {isa = PBXFileReference; fileEncoding = 4; lastKnownFileType = sourcecode.c.h; name = PZLabelScore.h; path = Source/PZLabelScore.h; sourceTree = "<group>"; };
		BE8751C1195DD999001D86B1 /* PZLabelScore.m */ = {isa = PBXFileReference; fileEncoding = 4; lastKnownFileType = sourcecode.c.objc; name = PZLabelScore.m; path = Source/PZLabelScore.m; sourceTree = "<group>"; };
		BE89CDF61962EE2200994D13 /* libMobClickGameLibrary.a */ = {isa = PBXFileReference; lastKnownFileType = archive.ar; path = libMobClickGameLibrary.a; sourceTree = "<group>"; };
		BE89CDF71962EE2200994D13 /* MobClick.h */ = {isa = PBXFileReference; fileEncoding = 4; lastKnownFileType = sourcecode.c.h; path = MobClick.h; sourceTree = "<group>"; };
		BE89CDF81962EE2200994D13 /* MobClickGameAnalytics.h */ = {isa = PBXFileReference; fileEncoding = 4; lastKnownFileType = sourcecode.c.h; path = MobClickGameAnalytics.h; sourceTree = "<group>"; };
		BE89CDFA1962EEFE00994D13 /* CashStoreView.xib */ = {isa = PBXFileReference; fileEncoding = 4; lastKnownFileType = file.xib; name = CashStoreView.xib; path = Source/CashStoreView.xib; sourceTree = "<group>"; };
		BE89CDFF1962F0A800994D13 /* store.png */ = {isa = PBXFileReference; lastKnownFileType = image.png; name = store.png; path = Source/store.png; sourceTree = "<group>"; };
		BE89CE011962F17C00994D13 /* btnClose.png */ = {isa = PBXFileReference; lastKnownFileType = image.png; name = btnClose.png; path = Source/btnClose.png; sourceTree = "<group>"; };
		BE89CE061962FF6F00994D13 /* CashStoreView.h */ = {isa = PBXFileReference; fileEncoding = 4; lastKnownFileType = sourcecode.c.h; name = CashStoreView.h; path = Source/CashStoreView.h; sourceTree = "<group>"; };
		BE89CE071962FF6F00994D13 /* CashStoreView.m */ = {isa = PBXFileReference; fileEncoding = 4; lastKnownFileType = sourcecode.c.objc; name = CashStoreView.m; path = Source/CashStoreView.m; sourceTree = "<group>"; };
		BE89CE091963007C00994D13 /* CashStoreViewController.h */ = {isa = PBXFileReference; fileEncoding = 4; lastKnownFileType = sourcecode.c.h; name = CashStoreViewController.h; path = Source/CashStoreViewController.h; sourceTree = "<group>"; };
		BE89CE0A1963007C00994D13 /* CashStoreViewController.m */ = {isa = PBXFileReference; fileEncoding = 4; lastKnownFileType = sourcecode.c.objc; name = CashStoreViewController.m; path = Source/CashStoreViewController.m; sourceTree = "<group>"; };
		BE89CE1619630AF500994D13 /* CashStoreItemView.xib */ = {isa = PBXFileReference; fileEncoding = 4; lastKnownFileType = file.xib; name = CashStoreItemView.xib; path = Source/CashStoreItemView.xib; sourceTree = "<group>"; };
		BE89CE1A19630B9E00994D13 /* store_btn_buy.png */ = {isa = PBXFileReference; lastKnownFileType = image.png; name = store_btn_buy.png; path = Source/store_btn_buy.png; sourceTree = "<group>"; };
		BE89CE1B19630B9E00994D13 /* store_img_icon_1.png */ = {isa = PBXFileReference; lastKnownFileType = image.png; name = store_img_icon_1.png; path = Source/store_img_icon_1.png; sourceTree = "<group>"; };
		BE89CE1C19630B9E00994D13 /* store_img_icon_bg.png */ = {isa = PBXFileReference; lastKnownFileType = image.png; name = store_img_icon_bg.png; path = Source/store_img_icon_bg.png; sourceTree = "<group>"; };
		BE89CE2019630DDE00994D13 /* CashStoreItemView.h */ = {isa = PBXFileReference; fileEncoding = 4; lastKnownFileType = sourcecode.c.h; name = CashStoreItemView.h; path = Source/CashStoreItemView.h; sourceTree = "<group>"; };
		BE89CE2119630DDE00994D13 /* CashStoreItemView.m */ = {isa = PBXFileReference; fileEncoding = 4; lastKnownFileType = sourcecode.c.objc; name = CashStoreItemView.m; path = Source/CashStoreItemView.m; sourceTree = "<group>"; };
		BE92BE69195F29A4006C17AB /* GLKit.framework */ = {isa = PBXFileReference; lastKnownFileType = wrapper.framework; name = GLKit.framework; path = System/Library/Frameworks/GLKit.framework; sourceTree = SDKROOT; };
		BEACFDCB1959C592003C5AA7 /* define.h */ = {isa = PBXFileReference; fileEncoding = 4; lastKnownFileType = sourcecode.c.h; name = define.h; path = Source/define.h; sourceTree = "<group>"; };
		BEB8FAB01970368800755936 /* UpgradeView.xib */ = {isa = PBXFileReference; fileEncoding = 4; lastKnownFileType = file.xib; name = UpgradeView.xib; path = Source/UpgradeView.xib; sourceTree = "<group>"; };
		BEB8FAB41970393800755936 /* upgrade-hd.png */ = {isa = PBXFileReference; lastKnownFileType = image.png; name = "upgrade-hd.png"; path = "Source/upgrade-hd.png"; sourceTree = "<group>"; };
		BEB8FAB61970394400755936 /* store-hd.png */ = {isa = PBXFileReference; lastKnownFileType = image.png; name = "store-hd.png"; path = "Source/store-hd.png"; sourceTree = "<group>"; };
		BEB8FAB819703AFD00755936 /* CashStoreR4View.xib */ = {isa = PBXFileReference; fileEncoding = 4; lastKnownFileType = file.xib; name = CashStoreR4View.xib; path = Source/CashStoreR4View.xib; sourceTree = "<group>"; };
		BEBB31DE19690FF200ECE458 /* UpgradeViewController.h */ = {isa = PBXFileReference; fileEncoding = 4; lastKnownFileType = sourcecode.c.h; name = UpgradeViewController.h; path = Source/UpgradeViewController.h; sourceTree = "<group>"; };
		BEBB31DF19690FF200ECE458 /* UpgradeViewController.m */ = {isa = PBXFileReference; fileEncoding = 4; lastKnownFileType = sourcecode.c.objc; name = UpgradeViewController.m; path = Source/UpgradeViewController.m; sourceTree = "<group>"; };
		BEBB31E019690FF200ECE458 /* UpgradeR4View.xib */ = {isa = PBXFileReference; fileEncoding = 4; lastKnownFileType = file.xib; name = UpgradeR4View.xib; path = Source/UpgradeR4View.xib; sourceTree = "<group>"; };
		BEBB31E31969114D00ECE458 /* upgrade_level0.png */ = {isa = PBXFileReference; lastKnownFileType = image.png; name = upgrade_level0.png; path = Source/upgrade_level0.png; sourceTree = "<group>"; };
		BEBB31E41969114D00ECE458 /* upgrade_level1.png */ = {isa = PBXFileReference; lastKnownFileType = image.png; name = upgrade_level1.png; path = Source/upgrade_level1.png; sourceTree = "<group>"; };
		BEBB31E51969114D00ECE458 /* upgrade_level2.png */ = {isa = PBXFileReference; lastKnownFileType = image.png; name = upgrade_level2.png; path = Source/upgrade_level2.png; sourceTree = "<group>"; };
		BEBB31E61969114D00ECE458 /* upgrade_level3.png */ = {isa = PBXFileReference; lastKnownFileType = image.png; name = upgrade_level3.png; path = Source/upgrade_level3.png; sourceTree = "<group>"; };
		BEBB31E71969114D00ECE458 /* upgrade_level4.png */ = {isa = PBXFileReference; lastKnownFileType = image.png; name = upgrade_level4.png; path = Source/upgrade_level4.png; sourceTree = "<group>"; };
		BEBB31E81969114D00ECE458 /* upgrade_level5.png */ = {isa = PBXFileReference; lastKnownFileType = image.png; name = upgrade_level5.png; path = Source/upgrade_level5.png; sourceTree = "<group>"; };
		BEBB31E91969114D00ECE458 /* upgrade_status0.png */ = {isa = PBXFileReference; lastKnownFileType = image.png; name = upgrade_status0.png; path = Source/upgrade_status0.png; sourceTree = "<group>"; };
		BEBB31EA1969114D00ECE458 /* upgrade_status1.png */ = {isa = PBXFileReference; lastKnownFileType = image.png; name = upgrade_status1.png; path = Source/upgrade_status1.png; sourceTree = "<group>"; };
		BEBB31EB1969114D00ECE458 /* upgrade_status2.png */ = {isa = PBXFileReference; lastKnownFileType = image.png; name = upgrade_status2.png; path = Source/upgrade_status2.png; sourceTree = "<group>"; };
		BEBB31EC1969114D00ECE458 /* upgrade_status3.png */ = {isa = PBXFileReference; lastKnownFileType = image.png; name = upgrade_status3.png; path = Source/upgrade_status3.png; sourceTree = "<group>"; };
		BEBB31ED1969114D00ECE458 /* upgrade_status4.png */ = {isa = PBXFileReference; lastKnownFileType = image.png; name = upgrade_status4.png; path = Source/upgrade_status4.png; sourceTree = "<group>"; };
		BEBB31EE1969114D00ECE458 /* upgrade_status5.png */ = {isa = PBXFileReference; lastKnownFileType = image.png; name = upgrade_status5.png; path = Source/upgrade_status5.png; sourceTree = "<group>"; };
		BEBB31EF1969114D00ECE458 /* upgrade.png */ = {isa = PBXFileReference; lastKnownFileType = image.png; name = upgrade.png; path = Source/upgrade.png; sourceTree = "<group>"; };
		BEBB31FD1969151100ECE458 /* UpgradeView.h */ = {isa = PBXFileReference; fileEncoding = 4; lastKnownFileType = sourcecode.c.h; name = UpgradeView.h; path = Source/UpgradeView.h; sourceTree = "<group>"; };
		BEBB31FE1969151100ECE458 /* UpgradeView.m */ = {isa = PBXFileReference; fileEncoding = 4; lastKnownFileType = sourcecode.c.objc; name = UpgradeView.m; path = Source/UpgradeView.m; sourceTree = "<group>"; };
		BEBB32001969157700ECE458 /* UpgradeItemView.xib */ = {isa = PBXFileReference; fileEncoding = 4; lastKnownFileType = file.xib; name = UpgradeItemView.xib; path = Source/UpgradeItemView.xib; sourceTree = "<group>"; };
		BEBB320219691A8700ECE458 /* UpgradeItemView.h */ = {isa = PBXFileReference; fileEncoding = 4; lastKnownFileType = sourcecode.c.h; name = UpgradeItemView.h; path = Source/UpgradeItemView.h; sourceTree = "<group>"; };
		BEBB320319691A8700ECE458 /* UpgradeItemView.m */ = {isa = PBXFileReference; fileEncoding = 4; lastKnownFileType = sourcecode.c.objc; name = UpgradeItemView.m; path = Source/UpgradeItemView.m; sourceTree = "<group>"; };
		BEBB320519691CAC00ECE458 /* upgrade_const.plist */ = {isa = PBXFileReference; fileEncoding = 4; lastKnownFileType = text.plist.xml; name = upgrade_const.plist; path = Source/upgrade_const.plist; sourceTree = "<group>"; };
		BEFB261C19658DC900993C74 /* CashStoreManager.h */ = {isa = PBXFileReference; fileEncoding = 4; lastKnownFileType = sourcecode.c.h; name = CashStoreManager.h; path = Source/CashStoreManager.h; sourceTree = "<group>"; };
		BEFB261D19658DC900993C74 /* CashStoreManager.m */ = {isa = PBXFileReference; fileEncoding = 4; lastKnownFileType = sourcecode.c.objc; name = CashStoreManager.m; path = Source/CashStoreManager.m; sourceTree = "<group>"; };
		BEFB26211965AB9F00993C74 /* CashStorePaymentObserver.h */ = {isa = PBXFileReference; fileEncoding = 4; lastKnownFileType = sourcecode.c.h; name = CashStorePaymentObserver.h; path = Source/CashStorePaymentObserver.h; sourceTree = "<group>"; };
		BEFB26221965AB9F00993C74 /* CashStorePaymentObserver.m */ = {isa = PBXFileReference; fileEncoding = 4; lastKnownFileType = sourcecode.c.objc; name = CashStorePaymentObserver.m; path = Source/CashStorePaymentObserver.m; sourceTree = "<group>"; };
/* End PBXFileReference section */

/* Begin PBXFrameworksBuildPhase section */
		B77F1B2B17B978D7009739AE /* Frameworks */ = {
			isa = PBXFrameworksBuildPhase;
			buildActionMask = 2147483647;
			files = (
				BE3594D4196D873900E36362 /* CFNetwork.framework in Frameworks */,
				BE3594D1196D859E00E36362 /* SystemConfiguration.framework in Frameworks */,
				BE3610B9196AE0400085BAF2 /* libUMSocial_Sdk_ScreenShot_1.0.a in Frameworks */,
				B737898A1807642B0076A88C /* libcocos2d.a in Frameworks */,
				BE89CDF91962EE2200994D13 /* libMobClickGameLibrary.a in Frameworks */,
				BE3610B1196ADF6E0085BAF2 /* MediaPlayer.framework in Frameworks */,
				BE92BE6A195F29A4006C17AB /* GLKit.framework in Frameworks */,
				B77F1B3217B978D7009739AE /* QuartzCore.framework in Frameworks */,
				BE058A9D19619405005271F1 /* StoreKit.framework in Frameworks */,
				BE1497F8196EC153001035D8 /* libOpenIDFA.a in Frameworks */,
				BE3594DC196D8B4700E36362 /* GameKit.framework in Frameworks */,
				B77F1B3417B978D7009739AE /* OpenGLES.framework in Frameworks */,
				B77F1B3617B978D7009739AE /* OpenAL.framework in Frameworks */,
				BE058ACF1961B955005271F1 /* libSocialWechat.a in Frameworks */,
				B77F1B3817B978D7009739AE /* AudioToolbox.framework in Frameworks */,
				B77F1B3A17B978D7009739AE /* AVFoundation.framework in Frameworks */,
				B77F1B3C17B978D7009739AE /* UIKit.framework in Frameworks */,
				B77F1B3E17B978D7009739AE /* Foundation.framework in Frameworks */,
				BE058ABF1961B18E005271F1 /* libUMSocial_Sdk_3.3.8.a in Frameworks */,
				B77F1B4017B978D7009739AE /* CoreGraphics.framework in Frameworks */,
				BE1497F9196EC153001035D8 /* libYouMi.a in Frameworks */,
				B77F1B4217B978D7009739AE /* CoreText.framework in Frameworks */,
				BE058AD01961B955005271F1 /* libWeChatSDK.a in Frameworks */,
			);
			runOnlyForDeploymentPostprocessing = 0;
		};
/* End PBXFrameworksBuildPhase section */

/* Begin PBXGroup section */
		9222E2B918734FF800A246C7 /* libs */ = {
			isa = PBXGroup;
			children = (
				B7378940180761A80076A88C /* cocos2d-ios.xcodeproj */,
			);
			name = libs;
			sourceTree = "<group>";
		};
		B737893C1807616C0076A88C /* Source */ = {
			isa = PBXGroup;
			children = (
				BE1497FA196EE642001035D8 /* GameCenterManager.h */,
				BE1497FB196EE642001035D8 /* GameCenterManager.m */,
				BE1497EB196EC153001035D8 /* youmi */,
				BEBB31DC19690FBC00ECE458 /* Upgrade */,
				BE5868BC1964496E0007AF48 /* Network */,
				BE89CDFC1962F06A00994D13 /* CashStore */,
				BE89CDF51962EE2200994D13 /* UmengGameAnalytics */,
				BE058AC91961B955005271F1 /* Wechat */,
				BE058AA31961B18E005271F1 /* UMSocial_Sdk_3.3.8 */,
				BEACFDCB1959C592003C5AA7 /* define.h */,
				B737893D1807617C0076A88C /* AppDelegate.h */,
				B737893E1807617C0076A88C /* AppDelegate.m */,
				B7378992180767190076A88C /* MainScene.h */,
				B7378993180767190076A88C /* MainScene.m */,
				BE12CB45195861F2006F775D /* Becterial.h */,
				BE12CB46195861F2006F775D /* Becterial.m */,
				BE8751C0195DD999001D86B1 /* PZLabelScore.h */,
				BE8751C1195DD999001D86B1 /* PZLabelScore.m */,
				BE1835A4195FE9DF00860689 /* Killer.h */,
				BE1835A5195FE9DF00860689 /* Killer.m */,
				BE058A9E1961976D005271F1 /* ScoreScene.h */,
				BE058A9F1961976D005271F1 /* ScoreScene.m */,
				BE58F2D01966F321009274E4 /* DataStorageManager.h */,
				BE58F2D11966F321009274E4 /* DataStorageManager.m */,
			);
			name = Source;
			sourceTree = "<group>";
		};
		B7378941180761A80076A88C /* Products */ = {
			isa = PBXGroup;
			children = (
				B737894B180761A90076A88C /* libcocos2d.a */,
			);
			name = Products;
			sourceTree = "<group>";
		};
		B73789911807667A0076A88C /* Icons */ = {
			isa = PBXGroup;
			children = (
				B71F5907188484E7003F4D28 /* iPad-old.png */,
				B71F5908188484E7003F4D28 /* iPad-old@2x.png */,
				B71F5909188484E7003F4D28 /* iPad.png */,
				B71F590A188484E7003F4D28 /* iPad@2x.png */,
				B71F590B188484E7003F4D28 /* iPhone-old.png */,
				B71F590C188484E7003F4D28 /* iPhone-old@2x.png */,
				B71F590D188484E7003F4D28 /* iPhone.png */,
				B71F590E188484E7003F4D28 /* iPhone@2x.png */,
				B71F590F188484E7003F4D28 /* Settings.png */,
				B71F5910188484E7003F4D28 /* Settings@2x.png */,
				B737896B180762440076A88C /* Default-568h@2x.png */,
				B737896C180762440076A88C /* Default-Landscape~ipad.png */,
				B737896D180762440076A88C /* Default.png */,
				B737896E180762440076A88C /* Default@2x.png */,
			);
			name = Icons;
			sourceTree = "<group>";
		};
		B77F1B2517B978D7009739AE = {
			isa = PBXGroup;
			children = (
				B737893C1807616C0076A88C /* Source */,
				B77F1B4617B978D7009739AE /* Resources */,
				9222E2B918734FF800A246C7 /* libs */,
				B77F1CCF17B978D8009739AE /* Supporting Files */,
				B77F1B3017B978D7009739AE /* Frameworks */,
				B77F1B2F17B978D7009739AE /* Products */,
			);
			sourceTree = "<group>";
		};
		B77F1B2F17B978D7009739AE /* Products */ = {
			isa = PBXGroup;
			children = (
				B77F1B2E17B978D7009739AE /* bacterial.app */,
			);
			name = Products;
			sourceTree = "<group>";
		};
		B77F1B3017B978D7009739AE /* Frameworks */ = {
			isa = PBXGroup;
			children = (
				BE3594DB196D8B4700E36362 /* GameKit.framework */,
				BE3594D3196D873900E36362 /* CFNetwork.framework */,
				BE3594D0196D859E00E36362 /* SystemConfiguration.framework */,
				BE3610B0196ADF6E0085BAF2 /* MediaPlayer.framework */,
				BE058A9C19619405005271F1 /* StoreKit.framework */,
				BE92BE69195F29A4006C17AB /* GLKit.framework */,
				B7B3713D180358F1007369CC /* libObjectiveChipmunk.a */,
				B77F1B3117B978D7009739AE /* QuartzCore.framework */,
				B77F1B3317B978D7009739AE /* OpenGLES.framework */,
				B77F1B3517B978D7009739AE /* OpenAL.framework */,
				B77F1B3717B978D7009739AE /* AudioToolbox.framework */,
				B77F1B3917B978D7009739AE /* AVFoundation.framework */,
				B77F1B3B17B978D7009739AE /* UIKit.framework */,
				B77F1B3D17B978D7009739AE /* Foundation.framework */,
				B77F1B3F17B978D7009739AE /* CoreGraphics.framework */,
				B77F1B4117B978D7009739AE /* CoreText.framework */,
			);
			name = Frameworks;
			sourceTree = "<group>";
		};
		B77F1B4617B978D7009739AE /* Resources */ = {
			isa = PBXGroup;
			children = (
				BE12CB4919586256006F775D /* Images.xcassets */,
				B73789911807667A0076A88C /* Icons */,
				B737893A180761570076A88C /* Published-iOS */,
			);
			name = Resources;
			path = Source/Resources;
			sourceTree = "<group>";
		};
		B77F1CCF17B978D8009739AE /* Supporting Files */ = {
			isa = PBXGroup;
			children = (
				B73789851807631A0076A88C /* main.m */,
				B73789861807631A0076A88C /* Prefix.pch */,
			);
			name = "Supporting Files";
			sourceTree = "<group>";
		};
		BE058AA31961B18E005271F1 /* UMSocial_Sdk_3.3.8 */ = {
			isa = PBXGroup;
			children = (
				BE3610B4196AE0400085BAF2 /* UMSocial_ScreenShot_Sdk */,
				BE058AA41961B18E005271F1 /* UMSocialLocalizable.strings */,
				BE058AA61961B18E005271F1 /* Header */,
				BE058AB21961B18E005271F1 /* libUMSocial_Sdk_3.3.8.a */,
				BE058AB31961B18E005271F1 /* SocialSDKXib */,
				BE058ABC1961B18E005271F1 /* UMSocialSDKResourcesNew.bundle */,
			);
			path = UMSocial_Sdk_3.3.8;
			sourceTree = "<group>";
		};
		BE058AA61961B18E005271F1 /* Header */ = {
			isa = PBXGroup;
			children = (
				BE058AA71961B18E005271F1 /* UMSocial.h */,
				BE058AA81961B18E005271F1 /* UMSocialAccountManager.h */,
				BE058AA91961B18E005271F1 /* UMSocialBar.h */,
				BE058AAA1961B18E005271F1 /* UMSocialConfig.h */,
				BE058AAB1961B18E005271F1 /* UMSocialControllerService.h */,
				BE058AAC1961B18E005271F1 /* UMSocialControllerServiceComment.h */,
				BE058AAD1961B18E005271F1 /* UMSocialData.h */,
				BE058AAE1961B18E005271F1 /* UMSocialDataService.h */,
				BE058AAF1961B18E005271F1 /* UMSocialSnsData.h */,
				BE058AB01961B18E005271F1 /* UMSocialSnsPlatformManager.h */,
				BE058AB11961B18E005271F1 /* UMSocialSnsService.h */,
			);
			path = Header;
			sourceTree = "<group>";
		};
		BE058AB31961B18E005271F1 /* SocialSDKXib */ = {
			isa = PBXGroup;
			children = (
				BE058AB41961B18E005271F1 /* UMSCommentDetailController.xib */,
				BE058AB51961B18E005271F1 /* UMSCommentInputController.xib */,
				BE058AB61961B18E005271F1 /* UMSCommentInputControlleriPad.xib */,
				BE058AB71961B18E005271F1 /* UMShareEditViewController.xib */,
				BE058AB81961B18E005271F1 /* UMShareEditViewControlleriPad.xib */,
				BE058AB91961B18E005271F1 /* UMSLoginViewController.xib */,
				BE058ABA1961B18E005271F1 /* UMSnsAccountViewController.xib */,
				BE058ABB1961B18E005271F1 /* UMSShareListController.xib */,
			);
			path = SocialSDKXib;
			sourceTree = "<group>";
		};
		BE058AC91961B955005271F1 /* Wechat */ = {
			isa = PBXGroup;
			children = (
				BE058ACA1961B955005271F1 /* libSocialWechat.a */,
				BE058ACB1961B955005271F1 /* libWeChatSDK.a */,
				BE058ACC1961B955005271F1 /* UMSocialWechatHandler.h */,
				BE058ACD1961B955005271F1 /* WXApi.h */,
				BE058ACE1961B955005271F1 /* WXApiObject.h */,
			);
			path = Wechat;
			sourceTree = "<group>";
		};
		BE1497EB196EC153001035D8 /* youmi */ = {
			isa = PBXGroup;
			children = (
				BE1497EC196EC153001035D8 /* include */,
				BE1497F6196EC153001035D8 /* libOpenIDFA.a */,
				BE1497F7196EC153001035D8 /* libYouMi.a */,
			);
			name = youmi;
			path = lib;
			sourceTree = "<group>";
		};
		BE1497EC196EC153001035D8 /* include */ = {
			isa = PBXGroup;
			children = (
				BE1497ED196EC153001035D8 /* YouMiConfig.h */,
				BE1497EE196EC153001035D8 /* YouMiDelegateProtocol.h */,
				BE1497EF196EC153001035D8 /* YouMiPointsManager.h */,
				BE1497F0196EC153001035D8 /* YouMiSpots.h */,
				BE1497F1196EC153001035D8 /* YouMiView.h */,
				BE1497F2196EC153001035D8 /* YouMiWall.h */,
				BE1497F3196EC153001035D8 /* YouMiWallAppModel.h */,
				BE1497F4196EC153001035D8 /* YouMiWallSpot.h */,
				BE1497F5196EC153001035D8 /* YouMiWallSpotView.h */,
			);
			path = include;
			sourceTree = "<group>";
		};
		BE3610B4196AE0400085BAF2 /* UMSocial_ScreenShot_Sdk */ = {
			isa = PBXGroup;
			children = (
				BE3610B5196AE0400085BAF2 /* ios-social-sdk-shake.html */,
				BE3610B6196AE0400085BAF2 /* libUMSocial_Sdk_ScreenShot_1.0.a */,
				BE3610B7196AE0400085BAF2 /* UMSocialScreenShoter.h */,
			);
			path = UMSocial_ScreenShot_Sdk;
			sourceTree = "<group>";
		};
		BE5868BC1964496E0007AF48 /* Network */ = {
			isa = PBXGroup;
			children = (
				BE5868BE196449A50007AF48 /* PZWebManager.h */,
				BE5868BF196449A50007AF48 /* PZWebManager.m */,
				BE3594D8196D87F100E36362 /* Reachability.h */,
				BE3594D9196D87F100E36362 /* Reachability.m */,
			);
			name = Network;
			sourceTree = "<group>";
		};
		BE89CDF51962EE2200994D13 /* UmengGameAnalytics */ = {
			isa = PBXGroup;
			children = (
				BE89CDF61962EE2200994D13 /* libMobClickGameLibrary.a */,
				BE89CDF71962EE2200994D13 /* MobClick.h */,
				BE89CDF81962EE2200994D13 /* MobClickGameAnalytics.h */,
			);
			path = UmengGameAnalytics;
			sourceTree = "<group>";
		};
		BE89CDFC1962F06A00994D13 /* CashStore */ = {
			isa = PBXGroup;
			children = (
				BE63466719683636007E375F /* success.png */,
				BEFB261C19658DC900993C74 /* CashStoreManager.h */,
				BEB8FAB61970394400755936 /* store-hd.png */,
				BEFB261D19658DC900993C74 /* CashStoreManager.m */,
				BEFB26211965AB9F00993C74 /* CashStorePaymentObserver.h */,
				BEFB26221965AB9F00993C74 /* CashStorePaymentObserver.m */,
				BE89CE061962FF6F00994D13 /* CashStoreView.h */,
				BE89CE071962FF6F00994D13 /* CashStoreView.m */,
				BE89CE011962F17C00994D13 /* btnClose.png */,
				BE89CDFF1962F0A800994D13 /* store.png */,
				BE89CE1A19630B9E00994D13 /* store_btn_buy.png */,
				BE89CE1B19630B9E00994D13 /* store_img_icon_1.png */,
				BE89CE1C19630B9E00994D13 /* store_img_icon_bg.png */,
				BE89CDFA1962EEFE00994D13 /* CashStoreView.xib */,
				BEB8FAB819703AFD00755936 /* CashStoreR4View.xib */,
				BE89CE091963007C00994D13 /* CashStoreViewController.h */,
				BE89CE0A1963007C00994D13 /* CashStoreViewController.m */,
				BE89CE1619630AF500994D13 /* CashStoreItemView.xib */,
				BE89CE2019630DDE00994D13 /* CashStoreItemView.h */,
				BE89CE2119630DDE00994D13 /* CashStoreItemView.m */,
				BE3610BA196AF03D0085BAF2 /* products.plist */,
			);
			name = CashStore;
			sourceTree = "<group>";
		};
		BEBB31DC19690FBC00ECE458 /* Upgrade */ = {
			isa = PBXGroup;
			children = (
				BE1418AA196C2EF2009EA1D8 /* upgrade_message.png */,
				BEBB31E31969114D00ECE458 /* upgrade_level0.png */,
				BEBB31E41969114D00ECE458 /* upgrade_level1.png */,
				BEBB31E51969114D00ECE458 /* upgrade_level2.png */,
				BEBB31E61969114D00ECE458 /* upgrade_level3.png */,
				BEBB31E71969114D00ECE458 /* upgrade_level4.png */,
				BEB8FAB41970393800755936 /* upgrade-hd.png */,
				BEBB31E81969114D00ECE458 /* upgrade_level5.png */,
				BEBB31E91969114D00ECE458 /* upgrade_status0.png */,
				BEBB31EA1969114D00ECE458 /* upgrade_status1.png */,
				BEBB31EB1969114D00ECE458 /* upgrade_status2.png */,
				BEBB31EC1969114D00ECE458 /* upgrade_status3.png */,
				BEBB31ED1969114D00ECE458 /* upgrade_status4.png */,
				BEBB31EE1969114D00ECE458 /* upgrade_status5.png */,
				BEBB31EF1969114D00ECE458 /* upgrade.png */,
				BEBB31DE19690FF200ECE458 /* UpgradeViewController.h */,
				BEBB31DF19690FF200ECE458 /* UpgradeViewController.m */,
				BEBB31E019690FF200ECE458 /* UpgradeR4View.xib */,
				BEB8FAB01970368800755936 /* UpgradeView.xib */,
				BEBB31FD1969151100ECE458 /* UpgradeView.h */,
				BEBB31FE1969151100ECE458 /* UpgradeView.m */,
				BEBB32001969157700ECE458 /* UpgradeItemView.xib */,
				BEBB320219691A8700ECE458 /* UpgradeItemView.h */,
				BEBB320319691A8700ECE458 /* UpgradeItemView.m */,
				BEBB320519691CAC00ECE458 /* upgrade_const.plist */,
			);
			name = Upgrade;
			sourceTree = "<group>";
		};
/* End PBXGroup section */

/* Begin PBXNativeTarget section */
		B77F1B2D17B978D7009739AE /* bacterial */ = {
			isa = PBXNativeTarget;
			buildConfigurationList = B77F1CDE17B978D8009739AE /* Build configuration list for PBXNativeTarget "bacterial" */;
			buildPhases = (
				B77F1B2A17B978D7009739AE /* Sources */,
				B77F1B2B17B978D7009739AE /* Frameworks */,
				B77F1B2C17B978D7009739AE /* Resources */,
			);
			buildRules = (
			);
			dependencies = (
				B7378989180764180076A88C /* PBXTargetDependency */,
			);
			name = bacterial;
			productName = Example;
			productReference = B77F1B2E17B978D7009739AE /* bacterial.app */;
			productType = "com.apple.product-type.application";
		};
/* End PBXNativeTarget section */

/* Begin PBXProject section */
		B77F1B2617B978D7009739AE /* Project object */ = {
			isa = PBXProject;
			attributes = {
				LastUpgradeCheck = 0510;
				ORGANIZATIONNAME = Apportable;
				TargetAttributes = {
					B77F1B2D17B978D7009739AE = {
						DevelopmentTeam = PARQ38GC9Z;
						SystemCapabilities = {
							com.apple.GameCenter = {
								enabled = 1;
							};
							com.apple.InAppPurchase = {
								enabled = 1;
							};
						};
					};
				};
			};
			buildConfigurationList = B77F1B2917B978D7009739AE /* Build configuration list for PBXProject "bacterial" */;
			compatibilityVersion = "Xcode 3.2";
			developmentRegion = English;
			hasScannedForEncodings = 0;
			knownRegions = (
				en,
				"zh-Hans",
			);
			mainGroup = B77F1B2517B978D7009739AE;
			productRefGroup = B77F1B2F17B978D7009739AE /* Products */;
			projectDirPath = "";
			projectReferences = (
				{
					ProductGroup = B7378941180761A80076A88C /* Products */;
					ProjectRef = B7378940180761A80076A88C /* cocos2d-ios.xcodeproj */;
				},
			);
			projectRoot = "";
			targets = (
				B77F1B2D17B978D7009739AE /* bacterial */,
			);
		};
/* End PBXProject section */

/* Begin PBXReferenceProxy section */
		B737894B180761A90076A88C /* libcocos2d.a */ = {
			isa = PBXReferenceProxy;
			fileType = archive.ar;
			path = libcocos2d.a;
			remoteRef = B737894A180761A90076A88C /* PBXContainerItemProxy */;
			sourceTree = BUILT_PRODUCTS_DIR;
		};
/* End PBXReferenceProxy section */

/* Begin PBXResourcesBuildPhase section */
		B77F1B2C17B978D7009739AE /* Resources */ = {
			isa = PBXResourcesBuildPhase;
			buildActionMask = 2147483647;
			files = (
				BEBB31F71969114D00ECE458 /* upgrade_status1.png in Resources */,
				BEBB31F41969114D00ECE458 /* upgrade_level4.png in Resources */,
				BE058AC71961B18E005271F1 /* UMSShareListController.xib in Resources */,
				BE058AC01961B18E005271F1 /* UMSCommentDetailController.xib in Resources */,
				BEBB31F61969114D00ECE458 /* upgrade_status0.png in Resources */,
				BE058AC61961B18E005271F1 /* UMSnsAccountViewController.xib in Resources */,
				BEBB32011969157700ECE458 /* UpgradeItemView.xib in Resources */,
				BE058AC51961B18E005271F1 /* UMSLoginViewController.xib in Resources */,
				B71F5919188484E7003F4D28 /* Settings.png in Resources */,
				BE63466819683636007E375F /* success.png in Resources */,
				BEBB31FA1969114D00ECE458 /* upgrade_status4.png in Resources */,
				BEBB31F91969114D00ECE458 /* upgrade_status3.png in Resources */,
				BE058AC11961B18E005271F1 /* UMSCommentInputController.xib in Resources */,
				BEBB31E219690FF200ECE458 /* UpgradeR4View.xib in Resources */,
				BEBB31F81969114D00ECE458 /* upgrade_status2.png in Resources */,
				BE89CE021962F17C00994D13 /* btnClose.png in Resources */,
				BE12CB4A19586256006F775D /* Images.xcassets in Resources */,
				BE89CE1E19630B9E00994D13 /* store_img_icon_1.png in Resources */,
				B7378978180762440076A88C /* Default@2x.png in Resources */,
				B71F5914188484E7003F4D28 /* iPad@2x.png in Resources */,
				BE89CE001962F0A800994D13 /* store.png in Resources */,
				B71F5913188484E7003F4D28 /* iPad.png in Resources */,
				B71F5912188484E7003F4D28 /* iPad-old@2x.png in Resources */,
				BEBB31FC1969114D00ECE458 /* upgrade.png in Resources */,
				BE89CE1F19630B9E00994D13 /* store_img_icon_bg.png in Resources */,
				BE1418AB196C2EF2009EA1D8 /* upgrade_message.png in Resources */,
				BE058AC21961B18E005271F1 /* UMSCommentInputControlleriPad.xib in Resources */,
				BE89CE1D19630B9E00994D13 /* store_btn_buy.png in Resources */,
				BEB8FAB51970393800755936 /* upgrade-hd.png in Resources */,
				BEBB320619691CAC00ECE458 /* upgrade_const.plist in Resources */,
				BEB8FAB11970368800755936 /* UpgradeView.xib in Resources */,
				BE3610BB196AF03D0085BAF2 /* products.plist in Resources */,
				BEB8FAB919703AFD00755936 /* CashStoreR4View.xib in Resources */,
				BE058AC81961B18E005271F1 /* UMSocialSDKResourcesNew.bundle in Resources */,
				B71F5916188484E7003F4D28 /* iPhone-old@2x.png in Resources */,
				B737893B180761570076A88C /* Published-iOS in Resources */,
				B71F591A188484E7003F4D28 /* Settings@2x.png in Resources */,
				BEBB31F11969114D00ECE458 /* upgrade_level1.png in Resources */,
				BE058ABE1961B18E005271F1 /* UMSocialLocalizable.strings in Resources */,
				BEBB31F01969114D00ECE458 /* upgrade_level0.png in Resources */,
				BEBB31F21969114D00ECE458 /* upgrade_level2.png in Resources */,
				BEBB31F31969114D00ECE458 /* upgrade_level3.png in Resources */,
				BEBB31FB1969114D00ECE458 /* upgrade_status5.png in Resources */,
				B7378976180762440076A88C /* Default-Landscape~ipad.png in Resources */,
				BE058AC41961B18E005271F1 /* UMShareEditViewControlleriPad.xib in Resources */,
				BE058AC31961B18E005271F1 /* UMShareEditViewController.xib in Resources */,
				B71F5915188484E7003F4D28 /* iPhone-old.png in Resources */,
				BE3610B8196AE0400085BAF2 /* ios-social-sdk-shake.html in Resources */,
				B71F5917188484E7003F4D28 /* iPhone.png in Resources */,
				BE89CE1819630AF500994D13 /* CashStoreItemView.xib in Resources */,
				B7378975180762440076A88C /* Default-568h@2x.png in Resources */,
				B71F5918188484E7003F4D28 /* iPhone@2x.png in Resources */,
				BEBB31F51969114D00ECE458 /* upgrade_level5.png in Resources */,
				B7378977180762440076A88C /* Default.png in Resources */,
				BEB8FAB71970394400755936 /* store-hd.png in Resources */,
				B71F5911188484E7003F4D28 /* iPad-old.png in Resources */,
				BE89CDFB1962EEFE00994D13 /* CashStoreView.xib in Resources */,
			);
			runOnlyForDeploymentPostprocessing = 0;
		};
/* End PBXResourcesBuildPhase section */

/* Begin PBXSourcesBuildPhase section */
		B77F1B2A17B978D7009739AE /* Sources */ = {
			isa = PBXSourcesBuildPhase;
			buildActionMask = 2147483647;
			files = (
				B737893F1807617C0076A88C /* AppDelegate.m in Sources */,
				BE89CE081962FF6F00994D13 /* CashStoreView.m in Sources */,
				BEFB261F19658DC900993C74 /* CashStoreManager.m in Sources */,
				BE058AA01961976D005271F1 /* ScoreScene.m in Sources */,
				BE1497FC196EE642001035D8 /* GameCenterManager.m in Sources */,
				BE8751C2195DD999001D86B1 /* PZLabelScore.m in Sources */,
				BE89CE0B1963007C00994D13 /* CashStoreViewController.m in Sources */,
				BE12CB47195861F2006F775D /* Becterial.m in Sources */,
				BEBB320419691A8700ECE458 /* UpgradeItemView.m in Sources */,
				BE89CE2219630DDE00994D13 /* CashStoreItemView.m in Sources */,
				B7378994180767190076A88C /* MainScene.m in Sources */,
				BE5868C0196449A50007AF48 /* PZWebManager.m in Sources */,
				BE58F2D21966F321009274E4 /* DataStorageManager.m in Sources */,
				BEBB31FF1969151100ECE458 /* UpgradeView.m in Sources */,
				BE1835A6195FE9DF00860689 /* Killer.m in Sources */,
				BEBB31E119690FF200ECE458 /* UpgradeViewController.m in Sources */,
				B73789871807631A0076A88C /* main.m in Sources */,
				BE3594DA196D87F100E36362 /* Reachability.m in Sources */,
				BEFB26231965AB9F00993C74 /* CashStorePaymentObserver.m in Sources */,
			);
			runOnlyForDeploymentPostprocessing = 0;
		};
/* End PBXSourcesBuildPhase section */

/* Begin PBXTargetDependency section */
		B7378989180764180076A88C /* PBXTargetDependency */ = {
			isa = PBXTargetDependency;
			name = cocos2d;
			targetProxy = B7378988180764180076A88C /* PBXContainerItemProxy */;
		};
/* End PBXTargetDependency section */

/* Begin PBXVariantGroup section */
		BE058AA41961B18E005271F1 /* UMSocialLocalizable.strings */ = {
			isa = PBXVariantGroup;
			children = (
				BE058AA51961B18E005271F1 /* en */,
				BE058ABD1961B18E005271F1 /* zh-Hans */,
			);
			name = UMSocialLocalizable.strings;
			sourceTree = "<group>";
		};
/* End PBXVariantGroup section */

/* Begin XCBuildConfiguration section */
		B77F1CDC17B978D8009739AE /* Debug */ = {
			isa = XCBuildConfiguration;
			buildSettings = {
				CLANG_WARN_BOOL_CONVERSION = YES;
				CLANG_WARN_CONSTANT_CONVERSION = YES;
				CLANG_WARN_EMPTY_BODY = YES;
				CLANG_WARN_ENUM_CONVERSION = YES;
				CLANG_WARN_INT_CONVERSION = YES;
				CLANG_WARN__DUPLICATE_METHOD_MATCH = YES;
				"CODE_SIGN_IDENTITY[sdk=iphoneos*]" = "iPhone Developer";
				GCC_C_LANGUAGE_STANDARD = gnu99;
				GCC_OPTIMIZATION_LEVEL = 0;
				GCC_PREPROCESSOR_DEFINITIONS = (
					DEBUG,
					"COCOS2D_DEBUG=1",
				);
				GCC_SYMBOLS_PRIVATE_EXTERN = NO;
				GCC_VERSION = com.apple.compilers.llvm.clang.1_0;
				GCC_WARN_64_TO_32_BIT_CONVERSION = YES;
				GCC_WARN_ABOUT_RETURN_TYPE = YES;
				GCC_WARN_UNDECLARED_SELECTOR = YES;
				GCC_WARN_UNINITIALIZED_AUTOS = YES;
				GCC_WARN_UNUSED_FUNCTION = YES;
				GCC_WARN_UNUSED_VARIABLE = YES;
				IPHONEOS_DEPLOYMENT_TARGET = 4.0;
				ONLY_ACTIVE_ARCH = YES;
				SDKROOT = iphoneos;
				TARGETED_DEVICE_FAMILY = "1,2";
			};
			name = Debug;
		};
		B77F1CDD17B978D8009739AE /* Release */ = {
			isa = XCBuildConfiguration;
			buildSettings = {
				CLANG_WARN_BOOL_CONVERSION = YES;
				CLANG_WARN_CONSTANT_CONVERSION = YES;
				CLANG_WARN_EMPTY_BODY = YES;
				CLANG_WARN_ENUM_CONVERSION = YES;
				CLANG_WARN_INT_CONVERSION = YES;
				CLANG_WARN__DUPLICATE_METHOD_MATCH = YES;
				"CODE_SIGN_IDENTITY[sdk=iphoneos*]" = "iPhone Developer";
				GCC_C_LANGUAGE_STANDARD = gnu99;
				GCC_PREPROCESSOR_DEFINITIONS = (
					NDEBUG,
					"NS_BLOCK_ASSERTIONS=1",
				);
				GCC_VERSION = com.apple.compilers.llvm.clang.1_0;
				GCC_WARN_64_TO_32_BIT_CONVERSION = YES;
				GCC_WARN_ABOUT_RETURN_TYPE = YES;
				GCC_WARN_UNDECLARED_SELECTOR = YES;
				GCC_WARN_UNINITIALIZED_AUTOS = YES;
				GCC_WARN_UNUSED_FUNCTION = YES;
				GCC_WARN_UNUSED_VARIABLE = YES;
				IPHONEOS_DEPLOYMENT_TARGET = 4.0;
				SDKROOT = iphoneos;
				TARGETED_DEVICE_FAMILY = "1,2";
			};
			name = Release;
		};
		B77F1CDF17B978D8009739AE /* Debug */ = {
			isa = XCBuildConfiguration;
			buildSettings = {
				ALWAYS_SEARCH_USER_PATHS = NO;
				ASSETCATALOG_COMPILER_APPICON_NAME = AppIcon;
				ASSETCATALOG_COMPILER_LAUNCHIMAGE_NAME = LaunchImage;
				CLANG_ENABLE_OBJC_ARC = YES;
				CODE_SIGN_IDENTITY = "iPhone Developer";
				"CODE_SIGN_IDENTITY[sdk=iphoneos*]" = "iPhone Developer";
				COPY_PHASE_STRIP = NO;
				FRAMEWORK_SEARCH_PATHS = (
					"$(inherited)",
					"$(PROJECT_DIR)/UMSocial_Sdk_3.3.8",
				);
				GCC_DYNAMIC_NO_PIC = NO;
				GCC_PRECOMPILE_PREFIX_HEADER = YES;
				GCC_PREFIX_HEADER = Source/Prefix.pch;
				HEADER_SEARCH_PATHS = (
					"\"Source/libs/cocos2d-iphone/external/kazmath/include\"/**",
					"\"Source/libs/cocos2d-iphone/cocos2d\"/**",
					"Source/libs/cocos2d-iphone/external/Chipmunk/objectivec/include",
					"Source/libs/cocos2d-iphone/external/Chipmunk/include",
					"\"Source/libs/cocos2d-iphone/cocos2d-ui\"/**",
					"\"Source/libs/cocos2d-iphone/external/ObjectAL\"/**",
				);
				INFOPLIST_FILE = Source/Resources/Info.plist;
				IPHONEOS_DEPLOYMENT_TARGET = 6.1;
				LIBRARY_SEARCH_PATHS = (
					"$(inherited)",
					"$(PROJECT_DIR)/UMSocial_Sdk_3.3.8",
					"$(PROJECT_DIR)/Wechat",
					"$(PROJECT_DIR)/TencentOpenAPI",
					"$(PROJECT_DIR)/UmengGameAnalytics",
					"$(PROJECT_DIR)/UMSocial_Sdk_3.3.8/UMSocial_ScreenShot_Sdk",
					"$(PROJECT_DIR)/lib",
				);
				ONLY_ACTIVE_ARCH = YES;
				OTHER_LDFLAGS = (
					"-lz",
					"-lsqlite3",
					"-ObjC",
				);
				PRODUCT_NAME = bacterial;
				PROVISIONING_PROFILE = "";
				TARGETED_DEVICE_FAMILY = 1;
				VALID_ARCHS = "armv7 armv7s arm64";
				WRAPPER_EXTENSION = app;
			};
			name = Debug;
		};
		B77F1CE017B978D8009739AE /* Release */ = {
			isa = XCBuildConfiguration;
			buildSettings = {
				ALWAYS_SEARCH_USER_PATHS = NO;
				ASSETCATALOG_COMPILER_APPICON_NAME = AppIcon;
				ASSETCATALOG_COMPILER_LAUNCHIMAGE_NAME = LaunchImage;
				CLANG_ENABLE_OBJC_ARC = YES;
				CODE_SIGN_IDENTITY = "iPhone Developer";
				"CODE_SIGN_IDENTITY[sdk=iphoneos*]" = "iPhone Developer";
				COPY_PHASE_STRIP = YES;
				FRAMEWORK_SEARCH_PATHS = (
					"$(inherited)",
					"$(PROJECT_DIR)/UMSocial_Sdk_3.3.8",
				);
				GCC_PRECOMPILE_PREFIX_HEADER = YES;
				GCC_PREFIX_HEADER = Source/Prefix.pch;
				HEADER_SEARCH_PATHS = (
					"\"Source/libs/cocos2d-iphone/external/kazmath/include\"/**",
					"\"Source/libs/cocos2d-iphone/cocos2d\"/**",
					"Source/libs/cocos2d-iphone/external/Chipmunk/objectivec/include",
					"Source/libs/cocos2d-iphone/external/Chipmunk/include",
					"\"Source/libs/cocos2d-iphone/cocos2d-ui\"/**",
					"\"Source/libs/cocos2d-iphone/external/ObjectAL\"/**",
				);
				INFOPLIST_FILE = Source/Resources/Info.plist;
				IPHONEOS_DEPLOYMENT_TARGET = 6.1;
				LIBRARY_SEARCH_PATHS = (
					"$(inherited)",
					"$(PROJECT_DIR)/UMSocial_Sdk_3.3.8",
					"$(PROJECT_DIR)/Wechat",
					"$(PROJECT_DIR)/TencentOpenAPI",
					"$(PROJECT_DIR)/UmengGameAnalytics",
					"$(PROJECT_DIR)/UMSocial_Sdk_3.3.8/UMSocial_ScreenShot_Sdk",
					"$(PROJECT_DIR)/lib",
				);
				ONLY_ACTIVE_ARCH = YES;
				OTHER_LDFLAGS = (
					"-lz",
					"-lsqlite3",
					"-ObjC",
				);
				PRODUCT_NAME = bacterial;
				PROVISIONING_PROFILE = "";
				TARGETED_DEVICE_FAMILY = 1;
				VALIDATE_PRODUCT = YES;
				VALID_ARCHS = "armv7 armv7s arm64";
				WRAPPER_EXTENSION = app;
			};
			name = Release;
		};
/* End XCBuildConfiguration section */

/* Begin XCConfigurationList section */
		B77F1B2917B978D7009739AE /* Build configuration list for PBXProject "bacterial" */ = {
			isa = XCConfigurationList;
			buildConfigurations = (
				B77F1CDC17B978D8009739AE /* Debug */,
				B77F1CDD17B978D8009739AE /* Release */,
			);
			defaultConfigurationIsVisible = 0;
			defaultConfigurationName = Release;
		};
		B77F1CDE17B978D8009739AE /* Build configuration list for PBXNativeTarget "bacterial" */ = {
			isa = XCConfigurationList;
			buildConfigurations = (
				B77F1CDF17B978D8009739AE /* Debug */,
				B77F1CE017B978D8009739AE /* Release */,
			);
			defaultConfigurationIsVisible = 0;
			defaultConfigurationName = Release;
		};
/* End XCConfigurationList section */
	};
	rootObject = B77F1B2617B978D7009739AE /* Project object */;
}
